
Microsoft Visual Studio Solution File, Format Version 11.00
# Visual Studio 2010
Project("{FAE04EC0-301F-11D3-BF4B-00C04F79EFBC}") = "TraderPlaceApp", "TraderPlaceApp\TraderPlaceApp.csproj", "{04492E52-2C50-4BA6-9943-966927AF7477}"
EndProject
Project("{FAE04EC0-301F-11D3-BF4B-00C04F79EFBC}") = "TraderPlaceApp.Tests", "TraderPlaceApp.Tests\TraderPlaceApp.Tests.csproj", "{1A2ED755-AC39-483B-A181-F64109F7B174}"
EndProject
Project("{FAE04EC0-301F-11D3-BF4B-00C04F79EFBC}") = "Common", "Common\Common.csproj", "{C363D90A-A0FA-40F8-A216-4B650A76CA90}"
EndProject
Project("{FAE04EC0-301F-11D3-BF4B-00C04F79EFBC}") = "Business Logic", "Business Logic\Business Logic.csproj", "{DFCC2E94-BAB7-418A-8296-9666250C588D}"
EndProject
Project("{FAE04EC0-301F-11D3-BF4B-00C04F79EFBC}") = "Data Access", "Data Access\Data Access.csproj", "{A957021A-1473-4EC1-981E-F5BE8A2BD206}"
EndProject
Global
	GlobalSection(SolutionConfigurationPlatforms) = preSolution
		Debug|Any CPU = Debug|Any CPU
		Release|Any CPU = Release|Any CPU
	EndGlobalSection
	GlobalSection(ProjectConfigurationPlatforms) = postSolution
		{04492E52-2C50-4BA6-9943-966927AF7477}.Debug|Any CPU.ActiveCfg = Debug|Any CPU
		{04492E52-2C50-4BA6-9943-966927AF7477}.Debug|Any CPU.Build.0 = Debug|Any CPU
		{04492E52-2C50-4BA6-9943-966927AF7477}.Release|Any CPU.ActiveCfg = Release|Any CPU
		{04492E52-2C50-4BA6-9943-966927AF7477}.Release|Any CPU.Build.0 = Release|Any CPU
		{1A2ED755-AC39-483B-A181-F64109F7B174}.Debug|Any CPU.ActiveCfg = Debug|Any CPU
		{1A2ED755-AC39-483B-A181-F64109F7B174}.Debug|Any CPU.Build.0 = Debug|Any CPU
		{1A2ED755-AC39-483B-A181-F64109F7B174}.Release|Any CPU.ActiveCfg = Release|Any CPU
		{1A2ED755-AC39-483B-A181-F64109F7B174}.Release|Any CPU.Build.0 = Release|Any CPU
		{C363D90A-A0FA-40F8-A216-4B650A76CA90}.Debug|Any CPU.ActiveCfg = Debug|Any CPU
		{C363D90A-A0FA-40F8-A216-4B650A76CA90}.Debug|Any CPU.Build.0 = Debug|Any CPU
		{C363D90A-A0FA-40F8-A216-4B650A76CA90}.Release|Any CPU.ActiveCfg = Release|Any CPU
		{C363D90A-A0FA-40F8-A216-4B650A76CA90}.Release|Any CPU.Build.0 = Release|Any CPU
		{DFCC2E94-BAB7-418A-8296-9666250C588D}.Debug|Any CPU.ActiveCfg = Debug|Any CPU
		{DFCC2E94-BAB7-418A-8296-9666250C588D}.Debug|Any CPU.Build.0 = Debug|Any CPU
		{DFCC2E94-BAB7-418A-8296-9666250C588D}.Release|Any CPU.ActiveCfg = Release|Any CPU
		{DFCC2E94-BAB7-418A-8296-9666250C588D}.Release|Any CPU.Build.0 = Release|Any CPU
		{A957021A-1473-4EC1-981E-F5BE8A2BD206}.Debug|Any CPU.ActiveCfg = Debug|Any CPU
		{A957021A-1473-4EC1-981E-F5BE8A2BD206}.Debug|Any CPU.Build.0 = Debug|Any CPU
		{A957021A-1473-4EC1-981E-F5BE8A2BD206}.Release|Any CPU.ActiveCfg = Release|Any CPU
		{A957021A-1473-4EC1-981E-F5BE8A2BD206}.Release|Any CPU.Build.0 = Release|Any CPU
	EndGlobalSection
	GlobalSection(SolutionProperties) = preSolution
		HideSolutionNode = FALSE
	EndGlobalSection
EndGlobal
